// !$*UTF8*$!
{
	archiveVersion = 1;
	classes = {
	};
	objectVersion = 77;
	objects = {

/* Begin PBXBuildFile section */
		19622CAA2D7C11F700ECB5D7 /* Alamofire in Frameworks */ = {isa = PBXBuildFile; productRef = 19622CA92D7C11F700ECB5D7 /* Alamofire */; };
		19622E082D7CB48D00ECB5D7 /* SwiftAudioEx in Frameworks */ = {isa = PBXBuildFile; productRef = 19622E072D7CB48D00ECB5D7 /* SwiftAudioEx */; };
/* End PBXBuildFile section */

/* Begin PBXContainerItemProxy section */
		19622B302D7B6D0100ECB5D7 /* PBXContainerItemProxy */ = {
			isa = PBXContainerItemProxy;
			containerPortal = 19622B172D7B6D0000ECB5D7 /* Project object */;
			proxyType = 1;
			remoteGlobalIDString = 19622B1E2D7B6D0000ECB5D7;
			remoteInfo = "Scenario-iOS";
		};
		19622B3A2D7B6D0100ECB5D7 /* PBXContainerItemProxy */ = {
			isa = PBXContainerItemProxy;
			containerPortal = 19622B172D7B6D0000ECB5D7 /* Project object */;
			proxyType = 1;
			remoteGlobalIDString = 19622B1E2D7B6D0000ECB5D7;
			remoteInfo = "Scenario-iOS";
		};
/* End PBXContainerItemProxy section */

/* Begin PBXFileReference section */
		19622B1F2D7B6D0000ECB5D7 /* Scenario-iOS.app */ = {isa = PBXFileReference; explicitFileType = wrapper.application; includeInIndex = 0; path = "Scenario-iOS.app"; sourceTree = BUILT_PRODUCTS_DIR; };
		19622B2F2D7B6D0100ECB5D7 /* Scenario-iOSTests.xctest */ = {isa = PBXFileReference; explicitFileType = wrapper.cfbundle; includeInIndex = 0; path = "Scenario-iOSTests.xctest"; sourceTree = BUILT_PRODUCTS_DIR; };
		19622B392D7B6D0100ECB5D7 /* Scenario-iOSUITests.xctest */ = {isa = PBXFileReference; explicitFileType = wrapper.cfbundle; includeInIndex = 0; path = "Scenario-iOSUITests.xctest"; sourceTree = BUILT_PRODUCTS_DIR; };
		19622BBD2D7B70E700ECB5D7 /* Scenario-iOS-Info.plist */ = {isa = PBXFileReference; lastKnownFileType = text.plist; path = "Scenario-iOS-Info.plist"; sourceTree = "<group>"; };
/* End PBXFileReference section */

/* Begin PBXFileSystemSynchronizedRootGroup section */
		19622BC22D7B717200ECB5D7 /* Scenario-iOS */ = {
			isa = PBXFileSystemSynchronizedRootGroup;
			path = "Scenario-iOS";
			sourceTree = "<group>";
		};
/* End PBXFileSystemSynchronizedRootGroup section */

/* Begin PBXFrameworksBuildPhase section */
		19622B1C2D7B6D0000ECB5D7 /* Frameworks */ = {
			isa = PBXFrameworksBuildPhase;
			buildActionMask = 2147483647;
			files = (
				19622E082D7CB48D00ECB5D7 /* SwiftAudioEx in Frameworks */,
				19622CAA2D7C11F700ECB5D7 /* Alamofire in Frameworks */,
			);
			runOnlyForDeploymentPostprocessing = 0;
		};
		19622B2C2D7B6D0100ECB5D7 /* Frameworks */ = {
			isa = PBXFrameworksBuildPhase;
			buildActionMask = 2147483647;
			files = (
			);
			runOnlyForDeploymentPostprocessing = 0;
		};
		19622B362D7B6D0100ECB5D7 /* Frameworks */ = {
			isa = PBXFrameworksBuildPhase;
			buildActionMask = 2147483647;
			files = (
			);
			runOnlyForDeploymentPostprocessing = 0;
		};
/* End PBXFrameworksBuildPhase section */

/* Begin PBXGroup section */
		19622B162D7B6D0000ECB5D7 = {
			isa = PBXGroup;
			children = (
				19622BC22D7B717200ECB5D7 /* Scenario-iOS */,
				19622BBD2D7B70E700ECB5D7 /* Scenario-iOS-Info.plist */,
				19622B202D7B6D0000ECB5D7 /* Products */,
			);
			sourceTree = "<group>";
		};
		19622B202D7B6D0000ECB5D7 /* Products */ = {
			isa = PBXGroup;
			children = (
				19622B1F2D7B6D0000ECB5D7 /* Scenario-iOS.app */,
				19622B2F2D7B6D0100ECB5D7 /* Scenario-iOSTests.xctest */,
				19622B392D7B6D0100ECB5D7 /* Scenario-iOSUITests.xctest */,
			);
			name = Products;
			sourceTree = "<group>";
		};
/* End PBXGroup section */

/* Begin PBXNativeTarget section */
		19622B1E2D7B6D0000ECB5D7 /* Scenario-iOS */ = {
			isa = PBXNativeTarget;
			buildConfigurationList = 19622B432D7B6D0100ECB5D7 /* Build configuration list for PBXNativeTarget "Scenario-iOS" */;
			buildPhases = (
				19622B1B2D7B6D0000ECB5D7 /* Sources */,
				19622B1C2D7B6D0000ECB5D7 /* Frameworks */,
				19622B1D2D7B6D0000ECB5D7 /* Resources */,
			);
			buildRules = (
			);
			dependencies = (
			);
			fileSystemSynchronizedGroups = (
				19622BC22D7B717200ECB5D7 /* Scenario-iOS */,
			);
			name = "Scenario-iOS";
			packageProductDependencies = (
				19622CA92D7C11F700ECB5D7 /* Alamofire */,
				19622E072D7CB48D00ECB5D7 /* SwiftAudioEx */,
			);
			productName = "Scenario-iOS";
			productReference = 19622B1F2D7B6D0000ECB5D7 /* Scenario-iOS.app */;
			productType = "com.apple.product-type.application";
		};
		19622B2E2D7B6D0100ECB5D7 /* Scenario-iOSTests */ = {
			isa = PBXNativeTarget;
			buildConfigurationList = 19622B462D7B6D0100ECB5D7 /* Build configuration list for PBXNativeTarget "Scenario-iOSTests" */;
			buildPhases = (
				19622B2B2D7B6D0100ECB5D7 /* Sources */,
				19622B2C2D7B6D0100ECB5D7 /* Frameworks */,
				19622B2D2D7B6D0100ECB5D7 /* Resources */,
			);
			buildRules = (
			);
			dependencies = (
				19622B312D7B6D0100ECB5D7 /* PBXTargetDependency */,
			);
			name = "Scenario-iOSTests";
			packageProductDependencies = (
			);
			productName = "Scenario-iOSTests";
			productReference = 19622B2F2D7B6D0100ECB5D7 /* Scenario-iOSTests.xctest */;
			productType = "com.apple.product-type.bundle.unit-test";
		};
		19622B382D7B6D0100ECB5D7 /* Scenario-iOSUITests */ = {
			isa = PBXNativeTarget;
			buildConfigurationList = 19622B492D7B6D0100ECB5D7 /* Build configuration list for PBXNativeTarget "Scenario-iOSUITests" */;
			buildPhases = (
				19622B352D7B6D0100ECB5D7 /* Sources */,
				19622B362D7B6D0100ECB5D7 /* Frameworks */,
				19622B372D7B6D0100ECB5D7 /* Resources */,
			);
			buildRules = (
			);
			dependencies = (
				19622B3B2D7B6D0100ECB5D7 /* PBXTargetDependency */,
			);
			name = "Scenario-iOSUITests";
			packageProductDependencies = (
			);
			productName = "Scenario-iOSUITests";
			productReference = 19622B392D7B6D0100ECB5D7 /* Scenario-iOSUITests.xctest */;
			productType = "com.apple.product-type.bundle.ui-testing";
		};
/* End PBXNativeTarget section */

/* Begin PBXProject section */
		19622B172D7B6D0000ECB5D7 /* Project object */ = {
			isa = PBXProject;
			attributes = {
				BuildIndependentTargetsInParallel = 1;
				LastSwiftUpdateCheck = 1620;
				LastUpgradeCheck = 1620;
				TargetAttributes = {
					19622B1E2D7B6D0000ECB5D7 = {
						CreatedOnToolsVersion = 16.2;
					};
					19622B2E2D7B6D0100ECB5D7 = {
						CreatedOnToolsVersion = 16.2;
						TestTargetID = 19622B1E2D7B6D0000ECB5D7;
					};
					19622B382D7B6D0100ECB5D7 = {
						CreatedOnToolsVersion = 16.2;
						TestTargetID = 19622B1E2D7B6D0000ECB5D7;
					};
				};
			};
			buildConfigurationList = 19622B1A2D7B6D0000ECB5D7 /* Build configuration list for PBXProject "Scenario-iOS" */;
			developmentRegion = en;
			hasScannedForEncodings = 0;
			knownRegions = (
				en,
				Base,
			);
			mainGroup = 19622B162D7B6D0000ECB5D7;
			minimizedProjectReferenceProxies = 1;
			packageReferences = (
				19622CA82D7C11F700ECB5D7 /* XCRemoteSwiftPackageReference "Alamofire" */,
				19622E062D7CB48D00ECB5D7 /* XCRemoteSwiftPackageReference "SwiftAudio" */,
			);
			preferredProjectObjectVersion = 77;
			productRefGroup = 19622B202D7B6D0000ECB5D7 /* Products */;
			projectDirPath = "";
			projectRoot = "";
			targets = (
				19622B1E2D7B6D0000ECB5D7 /* Scenario-iOS */,
				19622B2E2D7B6D0100ECB5D7 /* Scenario-iOSTests */,
				19622B382D7B6D0100ECB5D7 /* Scenario-iOSUITests */,
			);
		};
/* End PBXProject section */

/* Begin PBXResourcesBuildPhase section */
		19622B1D2D7B6D0000ECB5D7 /* Resources */ = {
			isa = PBXResourcesBuildPhase;
			buildActionMask = 2147483647;
			files = (
			);
			runOnlyForDeploymentPostprocessing = 0;
		};
		19622B2D2D7B6D0100ECB5D7 /* Resources */ = {
			isa = PBXResourcesBuildPhase;
			buildActionMask = 2147483647;
			files = (
			);
			runOnlyForDeploymentPostprocessing = 0;
		};
		19622B372D7B6D0100ECB5D7 /* Resources */ = {
			isa = PBXResourcesBuildPhase;
			buildActionMask = 2147483647;
			files = (
			);
			runOnlyForDeploymentPostprocessing = 0;
		};
/* End PBXResourcesBuildPhase section */

/* Begin PBXSourcesBuildPhase section */
		19622B1B2D7B6D0000ECB5D7 /* Sources */ = {
			isa = PBXSourcesBuildPhase;
			buildActionMask = 2147483647;
			files = (
			);
			runOnlyForDeploymentPostprocessing = 0;
		};
		19622B2B2D7B6D0100ECB5D7 /* Sources */ = {
			isa = PBXSourcesBuildPhase;
			buildActionMask = 2147483647;
			files = (
			);
			runOnlyForDeploymentPostprocessing = 0;
		};
		19622B352D7B6D0100ECB5D7 /* Sources */ = {
			isa = PBXSourcesBuildPhase;
			buildActionMask = 2147483647;
			files = (
			);
			runOnlyForDeploymentPostprocessing = 0;
		};
/* End PBXSourcesBuildPhase section */

/* Begin PBXTargetDependency section */
		19622B312D7B6D0100ECB5D7 /* PBXTargetDependency */ = {
			isa = PBXTargetDependency;
			target = 19622B1E2D7B6D0000ECB5D7 /* Scenario-iOS */;
			targetProxy = 19622B302D7B6D0100ECB5D7 /* PBXContainerItemProxy */;
		};
		19622B3B2D7B6D0100ECB5D7 /* PBXTargetDependency */ = {
			isa = PBXTargetDependency;
			target = 19622B1E2D7B6D0000ECB5D7 /* Scenario-iOS */;
			targetProxy = 19622B3A2D7B6D0100ECB5D7 /* PBXContainerItemProxy */;
		};
/* End PBXTargetDependency section */

/* Begin XCBuildConfiguration section */
		19622B412D7B6D0100ECB5D7 /* Debug */ = {
			isa = XCBuildConfiguration;
			buildSettings = {
				ALWAYS_SEARCH_USER_PATHS = NO;
				ASSETCATALOG_COMPILER_GENERATE_SWIFT_ASSET_SYMBOL_EXTENSIONS = YES;
				CLANG_ANALYZER_NONNULL = YES;
				CLANG_ANALYZER_NUMBER_OBJECT_CONVERSION = YES_AGGRESSIVE;
				CLANG_CXX_LANGUAGE_STANDARD = "gnu++20";
				CLANG_ENABLE_MODULES = YES;
				CLANG_ENABLE_OBJC_ARC = YES;
				CLANG_ENABLE_OBJC_WEAK = YES;
				CLANG_WARN_BLOCK_CAPTURE_AUTORELEASING = YES;
				CLANG_WARN_BOOL_CONVERSION = YES;
				CLANG_WARN_COMMA = YES;
				CLANG_WARN_CONSTANT_CONVERSION = YES;
				CLANG_WARN_DEPRECATED_OBJC_IMPLEMENTATIONS = YES;
				CLANG_WARN_DIRECT_OBJC_ISA_USAGE = YES_ERROR;
				CLANG_WARN_DOCUMENTATION_COMMENTS = YES;
				CLANG_WARN_EMPTY_BODY = YES;
				CLANG_WARN_ENUM_CONVERSION = YES;
				CLANG_WARN_INFINITE_RECURSION = YES;
				CLANG_WARN_INT_CONVERSION = YES;
				CLANG_WARN_NON_LITERAL_NULL_CONVERSION = YES;
				CLANG_WARN_OBJC_IMPLICIT_RETAIN_SELF = YES;
				CLANG_WARN_OBJC_LITERAL_CONVERSION = YES;
				CLANG_WARN_OBJC_ROOT_CLASS = YES_ERROR;
				CLANG_WARN_QUOTED_INCLUDE_IN_FRAMEWORK_HEADER = YES;
				CLANG_WARN_RANGE_LOOP_ANALYSIS = YES;
				CLANG_WARN_STRICT_PROTOTYPES = YES;
				CLANG_WARN_SUSPICIOUS_MOVE = YES;
				CLANG_WARN_UNGUARDED_AVAILABILITY = YES_AGGRESSIVE;
				CLANG_WARN_UNREACHABLE_CODE = YES;
				CLANG_WARN__DUPLICATE_METHOD_MATCH = YES;
				COPY_PHASE_STRIP = NO;
				DEBUG_INFORMATION_FORMAT = dwarf;
				ENABLE_STRICT_OBJC_MSGSEND = YES;
				ENABLE_TESTABILITY = YES;
				ENABLE_USER_SCRIPT_SANDBOXING = YES;
				GCC_C_LANGUAGE_STANDARD = gnu17;
				GCC_DYNAMIC_NO_PIC = NO;
				GCC_NO_COMMON_BLOCKS = YES;
				GCC_OPTIMIZATION_LEVEL = 0;
				GCC_PREPROCESSOR_DEFINITIONS = (
					"DEBUG=1",
					"$(inherited)",
				);
				GCC_WARN_64_TO_32_BIT_CONVERSION = YES;
				GCC_WARN_ABOUT_RETURN_TYPE = YES_ERROR;
				GCC_WARN_UNDECLARED_SELECTOR = YES;
				GCC_WARN_UNINITIALIZED_AUTOS = YES_AGGRESSIVE;
				GCC_WARN_UNUSED_FUNCTION = YES;
				GCC_WARN_UNUSED_VARIABLE = YES;
				IPHONEOS_DEPLOYMENT_TARGET = 18.2;
				LOCALIZATION_PREFERS_STRING_CATALOGS = YES;
				MTL_ENABLE_DEBUG_INFO = INCLUDE_SOURCE;
				MTL_FAST_MATH = YES;
				ONLY_ACTIVE_ARCH = YES;
				SDKROOT = iphoneos;
				SWIFT_ACTIVE_COMPILATION_CONDITIONS = "DEBUG $(inherited)";
				SWIFT_OPTIMIZATION_LEVEL = "-Onone";
			};
			name = Debug;
		};
		19622B422D7B6D0100ECB5D7 /* Release */ = {
			isa = XCBuildConfiguration;
			buildSettings = {
				ALWAYS_SEARCH_USER_PATHS = NO;
				ASSETCATALOG_COMPILER_GENERATE_SWIFT_ASSET_SYMBOL_EXTENSIONS = YES;
				CLANG_ANALYZER_NONNULL = YES;
				CLANG_ANALYZER_NUMBER_OBJECT_CONVERSION = YES_AGGRESSIVE;
				CLANG_CXX_LANGUAGE_STANDARD = "gnu++20";
				CLANG_ENABLE_MODULES = YES;
				CLANG_ENABLE_OBJC_ARC = YES;
				CLANG_ENABLE_OBJC_WEAK = YES;
				CLANG_WARN_BLOCK_CAPTURE_AUTORELEASING = YES;
				CLANG_WARN_BOOL_CONVERSION = YES;
				CLANG_WARN_COMMA = YES;
				CLANG_WARN_CONSTANT_CONVERSION = YES;
				CLANG_WARN_DEPRECATED_OBJC_IMPLEMENTATIONS = YES;
				CLANG_WARN_DIRECT_OBJC_ISA_USAGE = YES_ERROR;
				CLANG_WARN_DOCUMENTATION_COMMENTS = YES;
				CLANG_WARN_EMPTY_BODY = YES;
				CLANG_WARN_ENUM_CONVERSION = YES;
				CLANG_WARN_INFINITE_RECURSION = YES;
				CLANG_WARN_INT_CONVERSION = YES;
				CLANG_WARN_NON_LITERAL_NULL_CONVERSION = YES;
				CLANG_WARN_OBJC_IMPLICIT_RETAIN_SELF = YES;
				CLANG_WARN_OBJC_LITERAL_CONVERSION = YES;
				CLANG_WARN_OBJC_ROOT_CLASS = YES_ERROR;
				CLANG_WARN_QUOTED_INCLUDE_IN_FRAMEWORK_HEADER = YES;
				CLANG_WARN_RANGE_LOOP_ANALYSIS = YES;
				CLANG_WARN_STRICT_PROTOTYPES = YES;
				CLANG_WARN_SUSPICIOUS_MOVE = YES;
				CLANG_WARN_UNGUARDED_AVAILABILITY = YES_AGGRESSIVE;
				CLANG_WARN_UNREACHABLE_CODE = YES;
				CLANG_WARN__DUPLICATE_METHOD_MATCH = YES;
				COPY_PHASE_STRIP = NO;
				DEBUG_INFORMATION_FORMAT = "dwarf-with-dsym";
				ENABLE_NS_ASSERTIONS = NO;
				ENABLE_STRICT_OBJC_MSGSEND = YES;
				ENABLE_USER_SCRIPT_SANDBOXING = YES;
				GCC_C_LANGUAGE_STANDARD = gnu17;
				GCC_NO_COMMON_BLOCKS = YES;
				GCC_WARN_64_TO_32_BIT_CONVERSION = YES;
				GCC_WARN_ABOUT_RETURN_TYPE = YES_ERROR;
				GCC_WARN_UNDECLARED_SELECTOR = YES;
				GCC_WARN_UNINITIALIZED_AUTOS = YES_AGGRESSIVE;
				GCC_WARN_UNUSED_FUNCTION = YES;
				GCC_WARN_UNUSED_VARIABLE = YES;
				IPHONEOS_DEPLOYMENT_TARGET = 18.2;
				LOCALIZATION_PREFERS_STRING_CATALOGS = YES;
				MTL_ENABLE_DEBUG_INFO = NO;
				MTL_FAST_MATH = YES;
				SDKROOT = iphoneos;
				SWIFT_COMPILATION_MODE = wholemodule;
				VALIDATE_PRODUCT = YES;
			};
			name = Release;
		};
		19622B442D7B6D0100ECB5D7 /* Debug */ = {
			isa = XCBuildConfiguration;
			buildSettings = {
				ASSETCATALOG_COMPILER_APPICON_NAME = AppIcon;
				ASSETCATALOG_COMPILER_GLOBAL_ACCENT_COLOR_NAME = AccentColor;
				CODE_SIGN_STYLE = Automatic;
				CURRENT_PROJECT_VERSION = 1;
				DEVELOPMENT_ASSET_PATHS = "\"/Users/dgsw07/Desktop/AIExpo/Scenario-iOS\"";
				DEVELOPMENT_TEAM = 29R2Q8L23R;
				ENABLE_PREVIEWS = YES;
				GENERATE_INFOPLIST_FILE = YES;
				INFOPLIST_FILE = "Scenario-iOS-Info.plist";
				INFOPLIST_KEY_NSBluetoothAlwaysUsageDescription = "통화 중 블루투스 기기를 사용할 수 있도록 허용합니다";
				INFOPLIST_KEY_NSBluetoothPeripheralUsageDescription = "블루투스 장치를 통해 오디오 데이터를 처리할 수 있도록 허용합니다";
				INFOPLIST_KEY_NSMicrophoneUsageDescription = "앱에서 마이크를 사용하여 통화 기능을 제공합니다";
				INFOPLIST_KEY_NSSpeechRecognitionUsageDescription = "앱에서 음성 인식을 사용하여 통화 관련 기능을 제공합니다";
				INFOPLIST_KEY_UIApplicationSceneManifest_Generation = YES;
				INFOPLIST_KEY_UIApplicationSupportsIndirectInputEvents = YES;
				INFOPLIST_KEY_UILaunchScreen_Generation = YES;
				INFOPLIST_KEY_UISupportedInterfaceOrientations_iPad = "UIInterfaceOrientationPortrait UIInterfaceOrientationPortraitUpsideDown UIInterfaceOrientationLandscapeLeft UIInterfaceOrientationLandscapeRight";
				INFOPLIST_KEY_UISupportedInterfaceOrientations_iPhone = "UIInterfaceOrientationPortrait UIInterfaceOrientationLandscapeLeft UIInterfaceOrientationLandscapeRight";
				LD_RUNPATH_SEARCH_PATHS = (
					"$(inherited)",
					"@executable_path/Frameworks",
				);
				MARKETING_VERSION = 1.0;
				PRODUCT_BUNDLE_IDENTIFIER = "com.rkdduss.Scenario-iOS";
				PRODUCT_NAME = "$(TARGET_NAME)";
				SWIFT_EMIT_LOC_STRINGS = YES;
				SWIFT_VERSION = 5.0;
				TARGETED_DEVICE_FAMILY = "1,2";
			};
			name = Debug;
		};
		19622B452D7B6D0100ECB5D7 /* Release */ = {
			isa = XCBuildConfiguration;
			buildSettings = {
				ASSETCATALOG_COMPILER_APPICON_NAME = AppIcon;
				ASSETCATALOG_COMPILER_GLOBAL_ACCENT_COLOR_NAME = AccentColor;
				CODE_SIGN_STYLE = Automatic;
				CURRENT_PROJECT_VERSION = 1;
				DEVELOPMENT_ASSET_PATHS = "\"/Users/dgsw07/Desktop/AIExpo/Scenario-iOS\"";
				DEVELOPMENT_TEAM = 29R2Q8L23R;
				ENABLE_PREVIEWS = YES;
				GENERATE_INFOPLIST_FILE = YES;
				INFOPLIST_FILE = "Scenario-iOS-Info.plist";
				INFOPLIST_KEY_NSBluetoothAlwaysUsageDescription = "통화 중 블루투스 기기를 사용할 수 있도록 허용합니다";
				INFOPLIST_KEY_NSBluetoothPeripheralUsageDescription = "블루투스 장치를 통해 오디오 데이터를 처리할 수 있도록 허용합니다";
				INFOPLIST_KEY_NSMicrophoneUsageDescription = "앱에서 마이크를 사용하여 통화 기능을 제공합니다";
				INFOPLIST_KEY_NSSpeechRecognitionUsageDescription = "앱에서 음성 인식을 사용하여 통화 관련 기능을 제공합니다";
				INFOPLIST_KEY_UIApplicationSceneManifest_Generation = YES;
				INFOPLIST_KEY_UIApplicationSupportsIndirectInputEvents = YES;
				INFOPLIST_KEY_UILaunchScreen_Generation = YES;
				INFOPLIST_KEY_UISupportedInterfaceOrientations_iPad = "UIInterfaceOrientationPortrait UIInterfaceOrientationPortraitUpsideDown UIInterfaceOrientationLandscapeLeft UIInterfaceOrientationLandscapeRight";
				INFOPLIST_KEY_UISupportedInterfaceOrientations_iPhone = "UIInterfaceOrientationPortrait UIInterfaceOrientationLandscapeLeft UIInterfaceOrientationLandscapeRight";
				LD_RUNPATH_SEARCH_PATHS = (
					"$(inherited)",
					"@executable_path/Frameworks",
				);
				MARKETING_VERSION = 1.0;
				PRODUCT_BUNDLE_IDENTIFIER = "com.rkdduss.Scenario-iOS";
				PRODUCT_NAME = "$(TARGET_NAME)";
				SWIFT_EMIT_LOC_STRINGS = YES;
				SWIFT_VERSION = 5.0;
				TARGETED_DEVICE_FAMILY = "1,2";
			};
			name = Release;
		};
		19622B472D7B6D0100ECB5D7 /* Debug */ = {
			isa = XCBuildConfiguration;
			buildSettings = {
				BUNDLE_LOADER = "$(TEST_HOST)";
				CODE_SIGN_STYLE = Automatic;
				CURRENT_PROJECT_VERSION = 1;
				DEVELOPMENT_TEAM = 29R2Q8L23R;
				GENERATE_INFOPLIST_FILE = YES;
				IPHONEOS_DEPLOYMENT_TARGET = 18.2;
				MARKETING_VERSION = 1.0;
				PRODUCT_BUNDLE_IDENTIFIER = "com.rkdduss.Scenario-iOSTests";
				PRODUCT_NAME = "$(TARGET_NAME)";
				SWIFT_EMIT_LOC_STRINGS = NO;
				SWIFT_VERSION = 5.0;
				TARGETED_DEVICE_FAMILY = "1,2";
				TEST_HOST = "$(BUILT_PRODUCTS_DIR)/Scenario-iOS.app/$(BUNDLE_EXECUTABLE_FOLDER_PATH)/Scenario-iOS";
			};
			name = Debug;
		};
		19622B482D7B6D0100ECB5D7 /* Release */ = {
			isa = XCBuildConfiguration;
			buildSettings = {
				BUNDLE_LOADER = "$(TEST_HOST)";
				CODE_SIGN_STYLE = Automatic;
				CURRENT_PROJECT_VERSION = 1;
				DEVELOPMENT_TEAM = 29R2Q8L23R;
				GENERATE_INFOPLIST_FILE = YES;
				IPHONEOS_DEPLOYMENT_TARGET = 18.2;
				MARKETING_VERSION = 1.0;
				PRODUCT_BUNDLE_IDENTIFIER = "com.rkdduss.Scenario-iOSTests";
				PRODUCT_NAME = "$(TARGET_NAME)";
				SWIFT_EMIT_LOC_STRINGS = NO;
				SWIFT_VERSION = 5.0;
				TARGETED_DEVICE_FAMILY = "1,2";
				TEST_HOST = "$(BUILT_PRODUCTS_DIR)/Scenario-iOS.app/$(BUNDLE_EXECUTABLE_FOLDER_PATH)/Scenario-iOS";
			};
			name = Release;
		};
		19622B4A2D7B6D0100ECB5D7 /* Debug */ = {
			isa = XCBuildConfiguration;
			buildSettings = {
				CODE_SIGN_STYLE = Automatic;
				CURRENT_PROJECT_VERSION = 1;
				DEVELOPMENT_TEAM = 29R2Q8L23R;
				GENERATE_INFOPLIST_FILE = YES;
				MARKETING_VERSION = 1.0;
				PRODUCT_BUNDLE_IDENTIFIER = "com.rkdduss.Scenario-iOSUITests";
				PRODUCT_NAME = "$(TARGET_NAME)";
				SWIFT_EMIT_LOC_STRINGS = NO;
				SWIFT_VERSION = 5.0;
				TARGETED_DEVICE_FAMILY = "1,2";
				TEST_TARGET_NAME = "Scenario-iOS";
			};
			name = Debug;
		};
		19622B4B2D7B6D0100ECB5D7 /* Release */ = {
			isa = XCBuildConfiguration;
			buildSettings = {
				CODE_SIGN_STYLE = Automatic;
				CURRENT_PROJECT_VERSION = 1;
				DEVELOPMENT_TEAM = 29R2Q8L23R;
				GENERATE_INFOPLIST_FILE = YES;
				MARKETING_VERSION = 1.0;
				PRODUCT_BUNDLE_IDENTIFIER = "com.rkdduss.Scenario-iOSUITests";
				PRODUCT_NAME = "$(TARGET_NAME)";
				SWIFT_EMIT_LOC_STRINGS = NO;
				SWIFT_VERSION = 5.0;
				TARGETED_DEVICE_FAMILY = "1,2";
				TEST_TARGET_NAME = "Scenario-iOS";
			};
			name = Release;
		};
/* End XCBuildConfiguration section */

/* Begin XCConfigurationList section */
		19622B1A2D7B6D0000ECB5D7 /* Build configuration list for PBXProject "Scenario-iOS" */ = {
			isa = XCConfigurationList;
			buildConfigurations = (
				19622B412D7B6D0100ECB5D7 /* Debug */,
				19622B422D7B6D0100ECB5D7 /* Release */,
			);
			defaultConfigurationIsVisible = 0;
			defaultConfigurationName = Release;
		};
		19622B432D7B6D0100ECB5D7 /* Build configuration list for PBXNativeTarget "Scenario-iOS" */ = {
			isa = XCConfigurationList;
			buildConfigurations = (
				19622B442D7B6D0100ECB5D7 /* Debug */,
				19622B452D7B6D0100ECB5D7 /* Release */,
			);
			defaultConfigurationIsVisible = 0;
			defaultConfigurationName = Release;
		};
		19622B462D7B6D0100ECB5D7 /* Build configuration list for PBXNativeTarget "Scenario-iOSTests" */ = {
			isa = XCConfigurationList;
			buildConfigurations = (
				19622B472D7B6D0100ECB5D7 /* Debug */,
				19622B482D7B6D0100ECB5D7 /* Release */,
			);
			defaultConfigurationIsVisible = 0;
			defaultConfigurationName = Release;
		};
		19622B492D7B6D0100ECB5D7 /* Build configuration list for PBXNativeTarget "Scenario-iOSUITests" */ = {
			isa = XCConfigurationList;
			buildConfigurations = (
				19622B4A2D7B6D0100ECB5D7 /* Debug */,
				19622B4B2D7B6D0100ECB5D7 /* Release */,
			);
			defaultConfigurationIsVisible = 0;
			defaultConfigurationName = Release;
		};
/* End XCConfigurationList section */

/* Begin XCRemoteSwiftPackageReference section */
		19622CA82D7C11F700ECB5D7 /* XCRemoteSwiftPackageReference "Alamofire" */ = {
			isa = XCRemoteSwiftPackageReference;
			repositoryURL = "https://github.com/Alamofire/Alamofire.git";
			requirement = {
				kind = upToNextMajorVersion;
				minimumVersion = 5.10.2;
			};
		};
		19622E062D7CB48D00ECB5D7 /* XCRemoteSwiftPackageReference "SwiftAudio" */ = {
			isa = XCRemoteSwiftPackageReference;
			repositoryURL = "https://github.com/doublesymmetry/SwiftAudio.git";
			requirement = {
				kind = upToNextMajorVersion;
				minimumVersion = 1.1.0;
			};
		};
/* End XCRemoteSwiftPackageReference section */

/* Begin XCSwiftPackageProductDependency section */
		19622CA92D7C11F700ECB5D7 /* Alamofire */ = {
			isa = XCSwiftPackageProductDependency;
			package = 19622CA82D7C11F700ECB5D7 /* XCRemoteSwiftPackageReference "Alamofire" */;
			productName = Alamofire;
		};
		19622E072D7CB48D00ECB5D7 /* SwiftAudioEx */ = {
			isa = XCSwiftPackageProductDependency;
			package = 19622E062D7CB48D00ECB5D7 /* XCRemoteSwiftPackageReference "SwiftAudio" */;
			productName = SwiftAudioEx;
		};
/* End XCSwiftPackageProductDependency section */
	};
	rootObject = 19622B172D7B6D0000ECB5D7 /* Project object */;
}
